
Microsoft Visual Studio Solution File, Format Version 12.00
# Visual Studio 14
VisualStudioVersion = 14.0.25420.1
MinimumVisualStudioVersion = 10.0.40219.1
Project("{FAE04EC0-301F-11D3-BF4B-00C04F79EFBC}") = "WebApi", "WebApi\WebApi.csproj", "{1360161B-0920-453D-85CE-820AAED8F8F3}"
EndProject
Project("{FAE04EC0-301F-11D3-BF4B-00C04F79EFBC}") = "WebApi.Tests", "WebApi.Tests\WebApi.Tests.csproj", "{A5CCB317-48FF-4E94-93CE-D7C10AF2C890}"
EndProject
Global
	GlobalSection(SolutionConfigurationPlatforms) = preSolution
		Debug|Any CPU = Debug|Any CPU
		Release|Any CPU = Release|Any CPU
	EndGlobalSection
	GlobalSection(ProjectConfigurationPlatforms) = postSolution
		{1360161B-0920-453D-85CE-820AAED8F8F3}.Debug|Any CPU.ActiveCfg = Debug|Any CPU
		{1360161B-0920-453D-85CE-820AAED8F8F3}.Debug|Any CPU.Build.0 = Debug|Any CPU
		{1360161B-0920-453D-85CE-820AAED8F8F3}.Release|Any CPU.ActiveCfg = Release|Any CPU
		{1360161B-0920-453D-85CE-820AAED8F8F3}.Release|Any CPU.Build.0 = Release|Any CPU
		{A5CCB317-48FF-4E94-93CE-D7C10AF2C890}.Debug|Any CPU.ActiveCfg = Debug|Any CPU
		{A5CCB317-48FF-4E94-93CE-D7C10AF2C890}.Debug|Any CPU.Build.0 = Debug|Any CPU
		{A5CCB317-48FF-4E94-93CE-D7C10AF2C890}.Release|Any CPU.ActiveCfg = Release|Any CPU
		{A5CCB317-48FF-4E94-93CE-D7C10AF2C890}.Release|Any CPU.Build.0 = Release|Any CPU
	EndGlobalSection
	GlobalSection(SolutionProperties) = preSolution
		HideSolutionNode = FALSE
	EndGlobalSection
EndGlobal
